{
  "name": "bogglemon",
  "version": "1.0.0",
  "lockfileVersion": 2,
  "requires": true,
  "packages": {
    "": {
      "name": "bogglemon",
      "version": "1.0.0",
      "license": "ISC",
      "dependencies": {
        "luthe-amp": "file:../luthe-amp-ts",
        "troika-three-text": "^0.47.1"
      }
    },
    "../luthe-amp": {
      "version": "0.1.3",
      "extraneous": true,
      "license": "MIT",
      "dependencies": {
        "three": "^0.144.0"
      }
    },
    "../luthe-amp-ts": {
      "name": "luthe-amp",
      "version": "0.1.3",
      "license": "MIT",
      "dependencies": {
        "@types/three": "^0.146.0"
      },
      "devDependencies": {
        "typescript": "^4.9.3"
      }
    },
    "node_modules/bidi-js": {
      "version": "1.0.2",
      "resolved": "https://registry.npmjs.org/bidi-js/-/bidi-js-1.0.2.tgz",
      "integrity": "sha512-rzSy/k7WdX5zOyeHHCOixGXbCHkyogkxPKL2r8QtzHmVQDiWCXUWa18bLdMWT9CYMLOYTjWpTHawuev2ouYJVw==",
      "dependencies": {
        "require-from-string": "^2.0.2"
      }
    },
    "node_modules/luthe-amp": {
      "resolved": "../luthe-amp-ts",
      "link": true
    },
    "node_modules/require-from-string": {
      "version": "2.0.2",
      "resolved": "https://registry.npmjs.org/require-from-string/-/require-from-string-2.0.2.tgz",
      "integrity": "sha512-Xf0nWe6RseziFMu+Ap9biiUbmplq6S9/p+7w7YXP/JBHhrUDDUhwa+vANyubuqfZWTveU//DYVGsDG7RKL/vEw==",
      "engines": {
        "node": ">=0.10.0"
      }
    },
    "node_modules/three": {
      "version": "0.149.0",
      "resolved": "https://registry.npmjs.org/three/-/three-0.149.0.tgz",
      "integrity": "sha512-tohpUxPDht0qExRLDTM8sjRLc5d9STURNrdnK3w9A+V4pxaTBfKWWT/IqtiLfg23Vfc3Z+ImNfvRw1/0CtxrkQ==",
      "peer": true
    },
    "node_modules/troika-three-text": {
      "version": "0.47.1",
      "resolved": "https://registry.npmjs.org/troika-three-text/-/troika-three-text-0.47.1.tgz",
      "integrity": "sha512-/fPRUmxCkXxyUT8k6REC/aWeFzKbNr37ivrkrplSJNb3JcBUXvVt8MT0Ac5wTUvFsYTviYWprYS4/8Laen08WA==",
      "dependencies": {
        "bidi-js": "^1.0.2",
        "troika-three-utils": "^0.47.0",
        "troika-worker-utils": "^0.47.0",
        "webgl-sdf-generator": "1.1.1"
      },
      "peerDependencies": {
        "three": ">=0.125.0"
      }
    },
    "node_modules/troika-three-utils": {
      "version": "0.47.0",
      "resolved": "https://registry.npmjs.org/troika-three-utils/-/troika-three-utils-0.47.0.tgz",
      "integrity": "sha512-yoVTQxVbpQX3a55giIwqwq6hyJA6oYvq7kaNGwFTeicoWmTZCqqTbytafx1gcuL5umrtw5MYgsxYUSOha+xp5w==",
      "peerDependencies": {
        "three": ">=0.125.0"
      }
    },
    "node_modules/troika-worker-utils": {
      "version": "0.47.0",
      "resolved": "https://registry.npmjs.org/troika-worker-utils/-/troika-worker-utils-0.47.0.tgz",
      "integrity": "sha512-PSUc9vunDEkbE23jpgXD3PcF96jQHKjgMjS+4o5g6DEK/ZAPTnldb+FNddhppawfUcuraMFrslo0GmIC8UpEmA=="
    },
    "node_modules/webgl-sdf-generator": {
      "version": "1.1.1",
      "resolved": "https://registry.npmjs.org/webgl-sdf-generator/-/webgl-sdf-generator-1.1.1.tgz",
      "integrity": "sha512-9Z0JcMTFxeE+b2x1LJTdnaT8rT8aEp7MVxkNwoycNmJWwPdzoXzMh0BjJSh/AEFP+KPYZUli814h8bJZFIZ2jA=="
    }
  },
  "dependencies": {
    "bidi-js": {
      "version": "1.0.2",
      "resolved": "https://registry.npmjs.org/bidi-js/-/bidi-js-1.0.2.tgz",
      "integrity": "sha512-rzSy/k7WdX5zOyeHHCOixGXbCHkyogkxPKL2r8QtzHmVQDiWCXUWa18bLdMWT9CYMLOYTjWpTHawuev2ouYJVw==",
      "requires": {
        "require-from-string": "^2.0.2"
      }
    },
    "luthe-amp": {
      "version": "file:../luthe-amp-ts",
      "requires": {
        "@types/three": "^0.146.0",
        "typescript": "^4.9.3"
      }
    },
    "require-from-string": {
      "version": "2.0.2",
      "resolved": "https://registry.npmjs.org/require-from-string/-/require-from-string-2.0.2.tgz",
      "integrity": "sha512-Xf0nWe6RseziFMu+Ap9biiUbmplq6S9/p+7w7YXP/JBHhrUDDUhwa+vANyubuqfZWTveU//DYVGsDG7RKL/vEw=="
    },
    "three": {
      "version": "0.149.0",
      "resolved": "https://registry.npmjs.org/three/-/three-0.149.0.tgz",
      "integrity": "sha512-tohpUxPDht0qExRLDTM8sjRLc5d9STURNrdnK3w9A+V4pxaTBfKWWT/IqtiLfg23Vfc3Z+ImNfvRw1/0CtxrkQ==",
      "peer": true
    },
    "troika-three-text": {
      "version": "0.47.1",
      "resolved": "https://registry.npmjs.org/troika-three-text/-/troika-three-text-0.47.1.tgz",
      "integrity": "sha512-/fPRUmxCkXxyUT8k6REC/aWeFzKbNr37ivrkrplSJNb3JcBUXvVt8MT0Ac5wTUvFsYTviYWprYS4/8Laen08WA==",
      "requires": {
        "bidi-js": "^1.0.2",
        "troika-three-utils": "^0.47.0",
        "troika-worker-utils": "^0.47.0",
        "webgl-sdf-generator": "1.1.1"
      }
    },
    "troika-three-utils": {
      "version": "0.47.0",
      "resolved": "https://registry.npmjs.org/troika-three-utils/-/troika-three-utils-0.47.0.tgz",
      "integrity": "sha512-yoVTQxVbpQX3a55giIwqwq6hyJA6oYvq7kaNGwFTeicoWmTZCqqTbytafx1gcuL5umrtw5MYgsxYUSOha+xp5w==",
      "requires": {}
    },
    "troika-worker-utils": {
      "version": "0.47.0",
      "resolved": "https://registry.npmjs.org/troika-worker-utils/-/troika-worker-utils-0.47.0.tgz",
      "integrity": "sha512-PSUc9vunDEkbE23jpgXD3PcF96jQHKjgMjS+4o5g6DEK/ZAPTnldb+FNddhppawfUcuraMFrslo0GmIC8UpEmA=="
    },
    "webgl-sdf-generator": {
      "version": "1.1.1",
      "resolved": "https://registry.npmjs.org/webgl-sdf-generator/-/webgl-sdf-generator-1.1.1.tgz",
      "integrity": "sha512-9Z0JcMTFxeE+b2x1LJTdnaT8rT8aEp7MVxkNwoycNmJWwPdzoXzMh0BjJSh/AEFP+KPYZUli814h8bJZFIZ2jA=="
    }
  }
}
